
Microsoft Visual Studio Solution File, Format Version 12.00
# Visual Studio Version 16
VisualStudioVersion = 16.0.31025.194
MinimumVisualStudioVersion = 10.0.40219.1
Project("{FAE04EC0-301F-11D3-BF4B-00C04F79EFBC}") = "WebApplication.identity", "WebApplication.identity\WebApplication.identity.csproj", "{DCC71510-3B97-4C99-81D5-C8932B20CE5E}"
EndProject
Global
	GlobalSection(SolutionConfigurationPlatforms) = preSolution
		Debug|Any CPU = Debug|Any CPU
		Release|Any CPU = Release|Any CPU
	EndGlobalSection
	GlobalSection(ProjectConfigurationPlatforms) = postSolution
		{DCC71510-3B97-4C99-81D5-C8932B20CE5E}.Debug|Any CPU.ActiveCfg = Debug|Any CPU
		{DCC71510-3B97-4C99-81D5-C8932B20CE5E}.Debug|Any CPU.Build.0 = Debug|Any CPU
		{DCC71510-3B97-4C99-81D5-C8932B20CE5E}.Release|Any CPU.ActiveCfg = Release|Any CPU
		{DCC71510-3B97-4C99-81D5-C8932B20CE5E}.Release|Any CPU.Build.0 = Release|Any CPU
	EndGlobalSection
	GlobalSection(SolutionProperties) = preSolution
		HideSolutionNode = FALSE
	EndGlobalSection
	GlobalSection(ExtensibilityGlobals) = postSolution
		SolutionGuid = {2E016112-86CB-495B-A7AA-232B9D133ADA}
	EndGlobalSection
EndGlobal
